
Microsoft Visual Studio Solution File, Format Version 12.00
# Visual Studio Version 17
VisualStudioVersion = 17.14.36717.8 d17.14
MinimumVisualStudioVersion = 10.0.40219.1
Project("{FAE04EC0-301F-11D3-BF4B-00C04F79EFBC}") = "backend", "backend.csproj", "{4A98B734-1803-4A82-86AD-FC6F35D2EEC9}"
EndProject
Global
	GlobalSection(SolutionConfigurationPlatforms) = preSolution
		Debug|Any CPU = Debug|Any CPU
		Release|Any CPU = Release|Any CPU
	EndGlobalSection
	GlobalSection(ProjectConfigurationPlatforms) = postSolution
		{4A98B734-1803-4A82-86AD-FC6F35D2EEC9}.Debug|Any CPU.ActiveCfg = Debug|Any CPU
		{4A98B734-1803-4A82-86AD-FC6F35D2EEC9}.Debug|Any CPU.Build.0 = Debug|Any CPU
		{4A98B734-1803-4A82-86AD-FC6F35D2EEC9}.Release|Any CPU.ActiveCfg = Release|Any CPU
		{4A98B734-1803-4A82-86AD-FC6F35D2EEC9}.Release|Any CPU.Build.0 = Release|Any CPU
	EndGlobalSection
	GlobalSection(SolutionProperties) = preSolution
		HideSolutionNode = FALSE
	EndGlobalSection
	GlobalSection(ExtensibilityGlobals) = postSolution
		SolutionGuid = {DAEC4AAB-C0C5-42C7-B4B4-5176E69AC888}
	EndGlobalSection
EndGlobal
